
Microsoft Visual Studio Solution File, Format Version 12.00
Project("{FAE04EC0-301F-11D3-BF4B-00C04F79EFBC}") = "WebApplication", "WebApplication\WebApplication.csproj", "{FCB3F687-D748-42C5-B2D2-CFB4D3D473B3}"
EndProject
Project("{2150E333-8FDC-42A3-9474-1A3956D46DE8}") = "Web", "Web", "{30E736DA-56D6-400E-8BAA-D4BEFB53CC75}"
EndProject
Global
	GlobalSection(SolutionConfigurationPlatforms) = preSolution
		Debug|Any CPU = Debug|Any CPU
		Release|Any CPU = Release|Any CPU
	EndGlobalSection
	GlobalSection(ProjectConfigurationPlatforms) = postSolution
		{FCB3F687-D748-42C5-B2D2-CFB4D3D473B3}.Debug|Any CPU.ActiveCfg = Debug|Any CPU
		{FCB3F687-D748-42C5-B2D2-CFB4D3D473B3}.Debug|Any CPU.Build.0 = Debug|Any CPU
		{FCB3F687-D748-42C5-B2D2-CFB4D3D473B3}.Release|Any CPU.ActiveCfg = Release|Any CPU
		{FCB3F687-D748-42C5-B2D2-CFB4D3D473B3}.Release|Any CPU.Build.0 = Release|Any CPU
	EndGlobalSection
	GlobalSection(NestedProjects) = preSolution
		{FCB3F687-D748-42C5-B2D2-CFB4D3D473B3} = {30E736DA-56D6-400E-8BAA-D4BEFB53CC75}
	EndGlobalSection
EndGlobal
