
Microsoft Visual Studio Solution File, Format Version 12.00
Project("{2150E333-8FDC-42A3-9474-1A3956D46DE8}") = "Src", "Src", "{746A673C-6C12-4A19-ADD5-AFF2E89B3577}"
EndProject
Project("{2150E333-8FDC-42A3-9474-1A3956D46DE8}") = "Tests", "Tests", "{0C5F9C3C-E892-488B-983E-6B795C884CAF}"
EndProject
Project("{FAE04EC0-301F-11D3-BF4B-00C04F79EFBC}") = "BankClient.UnitTests", "Tests\BankClient.UnitTests\BankClient.UnitTests.csproj", "{D9B24DD9-4CCD-4E57-9DDD-A429C7B83D3E}"
EndProject
Project("{FAE04EC0-301F-11D3-BF4B-00C04F79EFBC}") = "BankClient", "Src\BankClient\BankClient.csproj", "{843A5627-B561-4E50-9A15-42496CD56A78}"
EndProject
Global
	GlobalSection(SolutionConfigurationPlatforms) = preSolution
		Debug|Any CPU = Debug|Any CPU
		Release|Any CPU = Release|Any CPU
	EndGlobalSection
	GlobalSection(ProjectConfigurationPlatforms) = postSolution
		{D9B24DD9-4CCD-4E57-9DDD-A429C7B83D3E}.Debug|Any CPU.ActiveCfg = Debug|Any CPU
		{D9B24DD9-4CCD-4E57-9DDD-A429C7B83D3E}.Debug|Any CPU.Build.0 = Debug|Any CPU
		{D9B24DD9-4CCD-4E57-9DDD-A429C7B83D3E}.Release|Any CPU.ActiveCfg = Release|Any CPU
		{D9B24DD9-4CCD-4E57-9DDD-A429C7B83D3E}.Release|Any CPU.Build.0 = Release|Any CPU
		{843A5627-B561-4E50-9A15-42496CD56A78}.Debug|Any CPU.ActiveCfg = Debug|Any CPU
		{843A5627-B561-4E50-9A15-42496CD56A78}.Debug|Any CPU.Build.0 = Debug|Any CPU
		{843A5627-B561-4E50-9A15-42496CD56A78}.Release|Any CPU.ActiveCfg = Release|Any CPU
		{843A5627-B561-4E50-9A15-42496CD56A78}.Release|Any CPU.Build.0 = Release|Any CPU
	EndGlobalSection
	GlobalSection(NestedProjects) = preSolution
		{D9B24DD9-4CCD-4E57-9DDD-A429C7B83D3E} = {0C5F9C3C-E892-488B-983E-6B795C884CAF}
		{843A5627-B561-4E50-9A15-42496CD56A78} = {746A673C-6C12-4A19-ADD5-AFF2E89B3577}
	EndGlobalSection
EndGlobal
